// !$*UTF8*$!
{
	archiveVersion = 1;
	classes = {
	};
	objectVersion = 50;
	objects = {

/* Begin PBXBuildFile section */
		DB635B7F2676E353003E8F64 /* Pinto.swift in Sources */ = {isa = PBXBuildFile; fileRef = DB635B7E2676E353003E8F64 /* Pinto.swift */; };
		DB635B812676E353003E8F64 /* GameView.swift in Sources */ = {isa = PBXBuildFile; fileRef = DB635B802676E353003E8F64 /* GameView.swift */; };
		DB635B832676E356003E8F64 /* Assets.xcassets in Resources */ = {isa = PBXBuildFile; fileRef = DB635B822676E356003E8F64 /* Assets.xcassets */; };
		DB635B862676E356003E8F64 /* Preview Assets.xcassets in Resources */ = {isa = PBXBuildFile; fileRef = DB635B852676E356003E8F64 /* Preview Assets.xcassets */; };
		DB69DFEA2687C204006F20A0 /* Array+Identifiable.swift in Sources */ = {isa = PBXBuildFile; fileRef = DB69DFE92687C204006F20A0 /* Array+Identifiable.swift */; };
		DB69DFEC2687CA28006F20A0 /* PintoCardGame.swift in Sources */ = {isa = PBXBuildFile; fileRef = DB69DFEB2687CA28006F20A0 /* PintoCardGame.swift */; };
		DB69DFEE2687CB4A006F20A0 /* PintoGame.swift in Sources */ = {isa = PBXBuildFile; fileRef = DB69DFED2687CB4A006F20A0 /* PintoGame.swift */; };
		DB829157269129CB00366D01 /* Utilities.swift in Sources */ = {isa = PBXBuildFile; fileRef = DB829156269129CB00366D01 /* Utilities.swift */; };
		DB8500002708F84B00DCC8EE /* Structs.swift in Sources */ = {isa = PBXBuildFile; fileRef = DB85FFFF2708F84B00DCC8EE /* Structs.swift */; };
		DB85FFF92708DCCE00DCC8EE /* PintoTests.swift in Sources */ = {isa = PBXBuildFile; fileRef = DB85FFF82708DCCE00DCC8EE /* PintoTests.swift */; };
		DB9F951826F0510600227103 /* Enums.swift in Sources */ = {isa = PBXBuildFile; fileRef = DB9F951726F0510600227103 /* Enums.swift */; };
		DBFAD64527434C1300790F85 /* CardView.swift in Sources */ = {isa = PBXBuildFile; fileRef = DBFAD64427434C1300790F85 /* CardView.swift */; };
		DBFAD64727434CF200790F85 /* RotatedCards.swift in Sources */ = {isa = PBXBuildFile; fileRef = DBFAD64627434CF200790F85 /* RotatedCards.swift */; };
		DBFAD64927434F0800790F85 /* CardsOnHand.swift in Sources */ = {isa = PBXBuildFile; fileRef = DBFAD64827434F0800790F85 /* CardsOnHand.swift */; };
		DBFAD64B2743525100790F85 /* CardsOnTable.swift in Sources */ = {isa = PBXBuildFile; fileRef = DBFAD64A2743525100790F85 /* CardsOnTable.swift */; };
/* End PBXBuildFile section */

/* Begin PBXContainerItemProxy section */
		DB85FFFA2708DCCE00DCC8EE /* PBXContainerItemProxy */ = {
			isa = PBXContainerItemProxy;
			containerPortal = DB635B732676E353003E8F64 /* Project object */;
			proxyType = 1;
			remoteGlobalIDString = DB635B7A2676E353003E8F64;
			remoteInfo = TopinApp;
		};
/* End PBXContainerItemProxy section */

/* Begin PBXFileReference section */
		DB635B7B2676E353003E8F64 /* Pinto.app */ = {isa = PBXFileReference; explicitFileType = wrapper.application; includeInIndex = 0; path = Pinto.app; sourceTree = BUILT_PRODUCTS_DIR; };
		DB635B7E2676E353003E8F64 /* Pinto.swift */ = {isa = PBXFileReference; lastKnownFileType = sourcecode.swift; path = Pinto.swift; sourceTree = "<group>"; };
		DB635B802676E353003E8F64 /* GameView.swift */ = {isa = PBXFileReference; lastKnownFileType = sourcecode.swift; path = GameView.swift; sourceTree = "<group>"; tabWidth = 4; usesTabs = 0; };
		DB635B822676E356003E8F64 /* Assets.xcassets */ = {isa = PBXFileReference; lastKnownFileType = folder.assetcatalog; path = Assets.xcassets; sourceTree = "<group>"; };
		DB635B852676E356003E8F64 /* Preview Assets.xcassets */ = {isa = PBXFileReference; lastKnownFileType = folder.assetcatalog; path = "Preview Assets.xcassets"; sourceTree = "<group>"; };
		DB635B872676E356003E8F64 /* Info.plist */ = {isa = PBXFileReference; lastKnownFileType = text.plist.xml; path = Info.plist; sourceTree = "<group>"; };
		DB69DFE92687C204006F20A0 /* Array+Identifiable.swift */ = {isa = PBXFileReference; lastKnownFileType = sourcecode.swift; path = "Array+Identifiable.swift"; sourceTree = "<group>"; };
		DB69DFEB2687CA28006F20A0 /* PintoCardGame.swift */ = {isa = PBXFileReference; lastKnownFileType = sourcecode.swift; path = PintoCardGame.swift; sourceTree = "<group>"; };
		DB69DFED2687CB4A006F20A0 /* PintoGame.swift */ = {isa = PBXFileReference; lastKnownFileType = sourcecode.swift; path = PintoGame.swift; sourceTree = "<group>"; };
		DB829156269129CB00366D01 /* Utilities.swift */ = {isa = PBXFileReference; lastKnownFileType = sourcecode.swift; path = Utilities.swift; sourceTree = "<group>"; };
		DB85FFF62708DCCE00DCC8EE /* PintoTests.xctest */ = {isa = PBXFileReference; explicitFileType = wrapper.cfbundle; includeInIndex = 0; path = PintoTests.xctest; sourceTree = BUILT_PRODUCTS_DIR; };
		DB85FFF82708DCCE00DCC8EE /* PintoTests.swift */ = {isa = PBXFileReference; lastKnownFileType = sourcecode.swift; path = PintoTests.swift; sourceTree = "<group>"; };
		DB85FFFF2708F84B00DCC8EE /* Structs.swift */ = {isa = PBXFileReference; lastKnownFileType = sourcecode.swift; path = Structs.swift; sourceTree = "<group>"; };
		DB9F951726F0510600227103 /* Enums.swift */ = {isa = PBXFileReference; lastKnownFileType = sourcecode.swift; path = Enums.swift; sourceTree = "<group>"; };
		DBFAD64427434C1300790F85 /* CardView.swift */ = {isa = PBXFileReference; lastKnownFileType = sourcecode.swift; path = CardView.swift; sourceTree = "<group>"; };
		DBFAD64627434CF200790F85 /* RotatedCards.swift */ = {isa = PBXFileReference; lastKnownFileType = sourcecode.swift; path = RotatedCards.swift; sourceTree = "<group>"; };
		DBFAD64827434F0800790F85 /* CardsOnHand.swift */ = {isa = PBXFileReference; lastKnownFileType = sourcecode.swift; path = CardsOnHand.swift; sourceTree = "<group>"; };
		DBFAD64A2743525100790F85 /* CardsOnTable.swift */ = {isa = PBXFileReference; lastKnownFileType = sourcecode.swift; path = CardsOnTable.swift; sourceTree = "<group>"; };
/* End PBXFileReference section */

/* Begin PBXFrameworksBuildPhase section */
		DB635B782676E353003E8F64 /* Frameworks */ = {
			isa = PBXFrameworksBuildPhase;
			buildActionMask = 2147483647;
			files = (
			);
			runOnlyForDeploymentPostprocessing = 0;
		};
		DB85FFF32708DCCE00DCC8EE /* Frameworks */ = {
			isa = PBXFrameworksBuildPhase;
			buildActionMask = 2147483647;
			files = (
			);
			runOnlyForDeploymentPostprocessing = 0;
		};
/* End PBXFrameworksBuildPhase section */

/* Begin PBXGroup section */
		DB635B722676E353003E8F64 = {
			isa = PBXGroup;
			children = (
				DB635B7D2676E353003E8F64 /* Pinto */,
				DB85FFF72708DCCE00DCC8EE /* PintoTests */,
				DB635B7C2676E353003E8F64 /* Products */,
			);
			sourceTree = "<group>";
		};
		DB635B7C2676E353003E8F64 /* Products */ = {
			isa = PBXGroup;
			children = (
				DB635B7B2676E353003E8F64 /* Pinto.app */,
				DB85FFF62708DCCE00DCC8EE /* PintoTests.xctest */,
			);
			name = Products;
			sourceTree = "<group>";
		};
		DB635B7D2676E353003E8F64 /* Pinto */ = {
			isa = PBXGroup;
			children = (
				DB635B7E2676E353003E8F64 /* Pinto.swift */,
				DB69DFEB2687CA28006F20A0 /* PintoCardGame.swift */,
				DB635B822676E356003E8F64 /* Assets.xcassets */,
				DB635B872676E356003E8F64 /* Info.plist */,
				DB635B842676E356003E8F64 /* Preview Content */,
				DBFAD64327434BC700790F85 /* Model */,
				DBFAD64127434BAA00790F85 /* Views */,
			);
			path = Pinto;
			sourceTree = "<group>";
		};
		DB635B842676E356003E8F64 /* Preview Content */ = {
			isa = PBXGroup;
			children = (
				DB635B852676E356003E8F64 /* Preview Assets.xcassets */,
			);
			path = "Preview Content";
			sourceTree = "<group>";
		};
		DB85FFF72708DCCE00DCC8EE /* PintoTests */ = {
			isa = PBXGroup;
			children = (
				DB85FFF82708DCCE00DCC8EE /* PintoTests.swift */,
			);
			path = PintoTests;
			sourceTree = "<group>";
		};
		DBFAD64127434BAA00790F85 /* Views */ = {
			isa = PBXGroup;
			children = (
				DB635B802676E353003E8F64 /* GameView.swift */,
				DBFAD64427434C1300790F85 /* CardView.swift */,
				DBFAD64627434CF200790F85 /* RotatedCards.swift */,
				DBFAD64827434F0800790F85 /* CardsOnHand.swift */,
				DBFAD64A2743525100790F85 /* CardsOnTable.swift */,
			);
			path = Views;
			sourceTree = "<group>";
		};
		DBFAD64327434BC700790F85 /* Model */ = {
			isa = PBXGroup;
			children = (
				DB69DFE92687C204006F20A0 /* Array+Identifiable.swift */,
				DB829156269129CB00366D01 /* Utilities.swift */,
				DB9F951726F0510600227103 /* Enums.swift */,
				DB85FFFF2708F84B00DCC8EE /* Structs.swift */,
				DB69DFED2687CB4A006F20A0 /* PintoGame.swift */,
			);
			path = Model;
			sourceTree = "<group>";
		};
/* End PBXGroup section */

/* Begin PBXNativeTarget section */
		DB635B7A2676E353003E8F64 /* Pinto */ = {
			isa = PBXNativeTarget;
			buildConfigurationList = DB635B8A2676E356003E8F64 /* Build configuration list for PBXNativeTarget "Pinto" */;
			buildPhases = (
				DB635B772676E353003E8F64 /* Sources */,
				DB635B782676E353003E8F64 /* Frameworks */,
				DB635B792676E353003E8F64 /* Resources */,
			);
			buildRules = (
			);
			dependencies = (
			);
			name = Pinto;
			productName = TopinApp;
			productReference = DB635B7B2676E353003E8F64 /* Pinto.app */;
			productType = "com.apple.product-type.application";
		};
		DB85FFF52708DCCE00DCC8EE /* PintoTests */ = {
			isa = PBXNativeTarget;
			buildConfigurationList = DB85FFFE2708DCCE00DCC8EE /* Build configuration list for PBXNativeTarget "PintoTests" */;
			buildPhases = (
				DB85FFF22708DCCE00DCC8EE /* Sources */,
				DB85FFF32708DCCE00DCC8EE /* Frameworks */,
				DB85FFF42708DCCE00DCC8EE /* Resources */,
			);
			buildRules = (
			);
			dependencies = (
				DB85FFFB2708DCCE00DCC8EE /* PBXTargetDependency */,
			);
			name = PintoTests;
			productName = TopinAppTests;
			productReference = DB85FFF62708DCCE00DCC8EE /* PintoTests.xctest */;
			productType = "com.apple.product-type.bundle.unit-test";
		};
/* End PBXNativeTarget section */

/* Begin PBXProject section */
		DB635B732676E353003E8F64 /* Project object */ = {
			isa = PBXProject;
			attributes = {
				LastSwiftUpdateCheck = 1300;
				LastUpgradeCheck = 1250;
				TargetAttributes = {
					DB635B7A2676E353003E8F64 = {
						CreatedOnToolsVersion = 12.5;
					};
					DB85FFF52708DCCE00DCC8EE = {
						CreatedOnToolsVersion = 13.0;
						TestTargetID = DB635B7A2676E353003E8F64;
					};
				};
			};
			buildConfigurationList = DB635B762676E353003E8F64 /* Build configuration list for PBXProject "Pinto" */;
			compatibilityVersion = "Xcode 9.3";
			developmentRegion = en;
			hasScannedForEncodings = 0;
			knownRegions = (
				en,
				Base,
			);
			mainGroup = DB635B722676E353003E8F64;
			productRefGroup = DB635B7C2676E353003E8F64 /* Products */;
			projectDirPath = "";
			projectRoot = "";
			targets = (
				DB635B7A2676E353003E8F64 /* Pinto */,
				DB85FFF52708DCCE00DCC8EE /* PintoTests */,
			);
		};
/* End PBXProject section */

/* Begin PBXResourcesBuildPhase section */
		DB635B792676E353003E8F64 /* Resources */ = {
			isa = PBXResourcesBuildPhase;
			buildActionMask = 2147483647;
			files = (
				DB635B862676E356003E8F64 /* Preview Assets.xcassets in Resources */,
				DB635B832676E356003E8F64 /* Assets.xcassets in Resources */,
			);
			runOnlyForDeploymentPostprocessing = 0;
		};
		DB85FFF42708DCCE00DCC8EE /* Resources */ = {
			isa = PBXResourcesBuildPhase;
			buildActionMask = 2147483647;
			files = (
			);
			runOnlyForDeploymentPostprocessing = 0;
		};
/* End PBXResourcesBuildPhase section */

/* Begin PBXSourcesBuildPhase section */
		DB635B772676E353003E8F64 /* Sources */ = {
			isa = PBXSourcesBuildPhase;
			buildActionMask = 2147483647;
			files = (
				DB8500002708F84B00DCC8EE /* Structs.swift in Sources */,
				DBFAD64727434CF200790F85 /* RotatedCards.swift in Sources */,
				DBFAD64527434C1300790F85 /* CardView.swift in Sources */,
				DB69DFEA2687C204006F20A0 /* Array+Identifiable.swift in Sources */,
				DB635B812676E353003E8F64 /* GameView.swift in Sources */,
				DB69DFEC2687CA28006F20A0 /* PintoCardGame.swift in Sources */,
				DB635B7F2676E353003E8F64 /* Pinto.swift in Sources */,
				DB9F951826F0510600227103 /* Enums.swift in Sources */,
				DBFAD64927434F0800790F85 /* CardsOnHand.swift in Sources */,
				DB829157269129CB00366D01 /* Utilities.swift in Sources */,
				DB69DFEE2687CB4A006F20A0 /* PintoGame.swift in Sources */,
				DBFAD64B2743525100790F85 /* CardsOnTable.swift in Sources */,
			);
			runOnlyForDeploymentPostprocessing = 0;
		};
		DB85FFF22708DCCE00DCC8EE /* Sources */ = {
			isa = PBXSourcesBuildPhase;
			buildActionMask = 2147483647;
			files = (
				DB85FFF92708DCCE00DCC8EE /* PintoTests.swift in Sources */,
			);
			runOnlyForDeploymentPostprocessing = 0;
		};
/* End PBXSourcesBuildPhase section */

/* Begin PBXTargetDependency section */
		DB85FFFB2708DCCE00DCC8EE /* PBXTargetDependency */ = {
			isa = PBXTargetDependency;
			target = DB635B7A2676E353003E8F64 /* Pinto */;
			targetProxy = DB85FFFA2708DCCE00DCC8EE /* PBXContainerItemProxy */;
		};
/* End PBXTargetDependency section */

/* Begin XCBuildConfiguration section */
		DB635B882676E356003E8F64 /* Debug */ = {
			isa = XCBuildConfiguration;
			buildSettings = {
				ALWAYS_SEARCH_USER_PATHS = NO;
				CLANG_ANALYZER_NONNULL = YES;
				CLANG_ANALYZER_NUMBER_OBJECT_CONVERSION = YES_AGGRESSIVE;
				CLANG_CXX_LANGUAGE_STANDARD = "gnu++14";
				CLANG_CXX_LIBRARY = "libc++";
				CLANG_ENABLE_MODULES = YES;
				CLANG_ENABLE_OBJC_ARC = YES;
				CLANG_ENABLE_OBJC_WEAK = YES;
				CLANG_WARN_BLOCK_CAPTURE_AUTORELEASING = YES;
				CLANG_WARN_BOOL_CONVERSION = YES;
				CLANG_WARN_COMMA = YES;
				CLANG_WARN_CONSTANT_CONVERSION = YES;
				CLANG_WARN_DEPRECATED_OBJC_IMPLEMENTATIONS = YES;
				CLANG_WARN_DIRECT_OBJC_ISA_USAGE = YES_ERROR;
				CLANG_WARN_DOCUMENTATION_COMMENTS = YES;
				CLANG_WARN_EMPTY_BODY = YES;
				CLANG_WARN_ENUM_CONVERSION = YES;
				CLANG_WARN_INFINITE_RECURSION = YES;
				CLANG_WARN_INT_CONVERSION = YES;
				CLANG_WARN_NON_LITERAL_NULL_CONVERSION = YES;
				CLANG_WARN_OBJC_IMPLICIT_RETAIN_SELF = YES;
				CLANG_WARN_OBJC_LITERAL_CONVERSION = YES;
				CLANG_WARN_OBJC_ROOT_CLASS = YES_ERROR;
				CLANG_WARN_QUOTED_INCLUDE_IN_FRAMEWORK_HEADER = YES;
				CLANG_WARN_RANGE_LOOP_ANALYSIS = YES;
				CLANG_WARN_STRICT_PROTOTYPES = YES;
				CLANG_WARN_SUSPICIOUS_MOVE = YES;
				CLANG_WARN_UNGUARDED_AVAILABILITY = YES_AGGRESSIVE;
				CLANG_WARN_UNREACHABLE_CODE = YES;
				CLANG_WARN__DUPLICATE_METHOD_MATCH = YES;
				COPY_PHASE_STRIP = NO;
				DEBUG_INFORMATION_FORMAT = dwarf;
				ENABLE_STRICT_OBJC_MSGSEND = YES;
				ENABLE_TESTABILITY = YES;
				GCC_C_LANGUAGE_STANDARD = gnu11;
				GCC_DYNAMIC_NO_PIC = NO;
				GCC_NO_COMMON_BLOCKS = YES;
				GCC_OPTIMIZATION_LEVEL = 0;
				GCC_PREPROCESSOR_DEFINITIONS = (
					"DEBUG=1",
					"$(inherited)",
				);
				GCC_WARN_64_TO_32_BIT_CONVERSION = YES;
				GCC_WARN_ABOUT_RETURN_TYPE = YES_ERROR;
				GCC_WARN_UNDECLARED_SELECTOR = YES;
				GCC_WARN_UNINITIALIZED_AUTOS = YES_AGGRESSIVE;
				GCC_WARN_UNUSED_FUNCTION = YES;
				GCC_WARN_UNUSED_VARIABLE = YES;
				IPHONEOS_DEPLOYMENT_TARGET = 14.5;
				MTL_ENABLE_DEBUG_INFO = INCLUDE_SOURCE;
				MTL_FAST_MATH = YES;
				ONLY_ACTIVE_ARCH = YES;
				SDKROOT = iphoneos;
				SWIFT_ACTIVE_COMPILATION_CONDITIONS = DEBUG;
				SWIFT_OPTIMIZATION_LEVEL = "-Onone";
			};
			name = Debug;
		};
		DB635B892676E356003E8F64 /* Release */ = {
			isa = XCBuildConfiguration;
			buildSettings = {
				ALWAYS_SEARCH_USER_PATHS = NO;
				CLANG_ANALYZER_NONNULL = YES;
				CLANG_ANALYZER_NUMBER_OBJECT_CONVERSION = YES_AGGRESSIVE;
				CLANG_CXX_LANGUAGE_STANDARD = "gnu++14";
				CLANG_CXX_LIBRARY = "libc++";
				CLANG_ENABLE_MODULES = YES;
				CLANG_ENABLE_OBJC_ARC = YES;
				CLANG_ENABLE_OBJC_WEAK = YES;
				CLANG_WARN_BLOCK_CAPTURE_AUTORELEASING = YES;
				CLANG_WARN_BOOL_CONVERSION = YES;
				CLANG_WARN_COMMA = YES;
				CLANG_WARN_CONSTANT_CONVERSION = YES;
				CLANG_WARN_DEPRECATED_OBJC_IMPLEMENTATIONS = YES;
				CLANG_WARN_DIRECT_OBJC_ISA_USAGE = YES_ERROR;
				CLANG_WARN_DOCUMENTATION_COMMENTS = YES;
				CLANG_WARN_EMPTY_BODY = YES;
				CLANG_WARN_ENUM_CONVERSION = YES;
				CLANG_WARN_INFINITE_RECURSION = YES;
				CLANG_WARN_INT_CONVERSION = YES;
				CLANG_WARN_NON_LITERAL_NULL_CONVERSION = YES;
				CLANG_WARN_OBJC_IMPLICIT_RETAIN_SELF = YES;
				CLANG_WARN_OBJC_LITERAL_CONVERSION = YES;
				CLANG_WARN_OBJC_ROOT_CLASS = YES_ERROR;
				CLANG_WARN_QUOTED_INCLUDE_IN_FRAMEWORK_HEADER = YES;
				CLANG_WARN_RANGE_LOOP_ANALYSIS = YES;
				CLANG_WARN_STRICT_PROTOTYPES = YES;
				CLANG_WARN_SUSPICIOUS_MOVE = YES;
				CLANG_WARN_UNGUARDED_AVAILABILITY = YES_AGGRESSIVE;
				CLANG_WARN_UNREACHABLE_CODE = YES;
				CLANG_WARN__DUPLICATE_METHOD_MATCH = YES;
				COPY_PHASE_STRIP = NO;
				DEBUG_INFORMATION_FORMAT = "dwarf-with-dsym";
				ENABLE_NS_ASSERTIONS = NO;
				ENABLE_STRICT_OBJC_MSGSEND = YES;
				GCC_C_LANGUAGE_STANDARD = gnu11;
				GCC_NO_COMMON_BLOCKS = YES;
				GCC_WARN_64_TO_32_BIT_CONVERSION = YES;
				GCC_WARN_ABOUT_RETURN_TYPE = YES_ERROR;
				GCC_WARN_UNDECLARED_SELECTOR = YES;
				GCC_WARN_UNINITIALIZED_AUTOS = YES_AGGRESSIVE;
				GCC_WARN_UNUSED_FUNCTION = YES;
				GCC_WARN_UNUSED_VARIABLE = YES;
				IPHONEOS_DEPLOYMENT_TARGET = 14.5;
				MTL_ENABLE_DEBUG_INFO = NO;
				MTL_FAST_MATH = YES;
				SDKROOT = iphoneos;
				SWIFT_COMPILATION_MODE = wholemodule;
				SWIFT_OPTIMIZATION_LEVEL = "-O";
				VALIDATE_PRODUCT = YES;
			};
			name = Release;
		};
		DB635B8B2676E356003E8F64 /* Debug */ = {
			isa = XCBuildConfiguration;
			buildSettings = {
				ASSETCATALOG_COMPILER_APPICON_NAME = AppIcon;
				ASSETCATALOG_COMPILER_GLOBAL_ACCENT_COLOR_NAME = AccentColor;
				ASSETCATALOG_COMPILER_INCLUDE_ALL_APPICON_ASSETS = NO;
				CODE_SIGN_STYLE = Automatic;
				DEVELOPMENT_ASSET_PATHS = "\"Pinto/Preview Content\"";
				DEVELOPMENT_TEAM = VX3TX38PUL;
				ENABLE_PREVIEWS = YES;
				INFOPLIST_FILE = Pinto/Info.plist;
				IPHONEOS_DEPLOYMENT_TARGET = 14.0;
				LD_RUNPATH_SEARCH_PATHS = (
					"$(inherited)",
					"@executable_path/Frameworks",
				);
				PRODUCT_BUNDLE_IDENTIFIER = com.ceberm.Pinto;
				PRODUCT_NAME = "$(TARGET_NAME)";
				SWIFT_VERSION = 5.0;
				TARGETED_DEVICE_FAMILY = "1,2";
			};
			name = Debug;
		};
		DB635B8C2676E356003E8F64 /* Release */ = {
			isa = XCBuildConfiguration;
			buildSettings = {
				ASSETCATALOG_COMPILER_APPICON_NAME = AppIcon;
				ASSETCATALOG_COMPILER_GLOBAL_ACCENT_COLOR_NAME = AccentColor;
				ASSETCATALOG_COMPILER_INCLUDE_ALL_APPICON_ASSETS = NO;
				CODE_SIGN_STYLE = Automatic;
				DEVELOPMENT_ASSET_PATHS = "\"Pinto/Preview Content\"";
				DEVELOPMENT_TEAM = VX3TX38PUL;
				ENABLE_PREVIEWS = YES;
				INFOPLIST_FILE = Pinto/Info.plist;
				IPHONEOS_DEPLOYMENT_TARGET = 14.0;
				LD_RUNPATH_SEARCH_PATHS = (
					"$(inherited)",
					"@executable_path/Frameworks",
				);
				PRODUCT_BUNDLE_IDENTIFIER = com.ceberm.Pinto;
				PRODUCT_NAME = "$(TARGET_NAME)";
				SWIFT_VERSION = 5.0;
				TARGETED_DEVICE_FAMILY = "1,2";
			};
			name = Release;
		};
		DB85FFFC2708DCCE00DCC8EE /* Debug */ = {
			isa = XCBuildConfiguration;
			buildSettings = {
				BUNDLE_LOADER = "$(TEST_HOST)";
				CLANG_CXX_LANGUAGE_STANDARD = "gnu++17";
				CODE_SIGN_STYLE = Automatic;
				CURRENT_PROJECT_VERSION = 1;
				DEVELOPMENT_TEAM = VX3TX38PUL;
				GENERATE_INFOPLIST_FILE = YES;
				IPHONEOS_DEPLOYMENT_TARGET = 15.0;
				LD_RUNPATH_SEARCH_PATHS = (
					"$(inherited)",
					"@executable_path/Frameworks",
					"@loader_path/Frameworks",
				);
				MARKETING_VERSION = 1.0;
				PRODUCT_BUNDLE_IDENTIFIER = com.ceberm.cs193p.TopinAppTests;
				PRODUCT_NAME = "$(TARGET_NAME)";
				SWIFT_EMIT_LOC_STRINGS = NO;
				SWIFT_VERSION = 5.0;
				TARGETED_DEVICE_FAMILY = "1,2";
				TEST_HOST = "$(BUILT_PRODUCTS_DIR)/Pinto.app/Pinto";
			};
			name = Debug;
		};
		DB85FFFD2708DCCE00DCC8EE /* Release */ = {
			isa = XCBuildConfiguration;
			buildSettings = {
				BUNDLE_LOADER = "$(TEST_HOST)";
				CLANG_CXX_LANGUAGE_STANDARD = "gnu++17";
				CODE_SIGN_STYLE = Automatic;
				CURRENT_PROJECT_VERSION = 1;
				DEVELOPMENT_TEAM = VX3TX38PUL;
				GENERATE_INFOPLIST_FILE = YES;
				IPHONEOS_DEPLOYMENT_TARGET = 15.0;
				LD_RUNPATH_SEARCH_PATHS = (
					"$(inherited)",
					"@executable_path/Frameworks",
					"@loader_path/Frameworks",
				);
				MARKETING_VERSION = 1.0;
				PRODUCT_BUNDLE_IDENTIFIER = com.ceberm.cs193p.TopinAppTests;
				PRODUCT_NAME = "$(TARGET_NAME)";
				SWIFT_EMIT_LOC_STRINGS = NO;
				SWIFT_VERSION = 5.0;
				TARGETED_DEVICE_FAMILY = "1,2";
				TEST_HOST = "$(BUILT_PRODUCTS_DIR)/Pinto.app/Pinto";
			};
			name = Release;
		};
/* End XCBuildConfiguration section */

/* Begin XCConfigurationList section */
		DB635B762676E353003E8F64 /* Build configuration list for PBXProject "Pinto" */ = {
			isa = XCConfigurationList;
			buildConfigurations = (
				DB635B882676E356003E8F64 /* Debug */,
				DB635B892676E356003E8F64 /* Release */,
			);
			defaultConfigurationIsVisible = 0;
			defaultConfigurationName = Release;
		};
		DB635B8A2676E356003E8F64 /* Build configuration list for PBXNativeTarget "Pinto" */ = {
			isa = XCConfigurationList;
			buildConfigurations = (
				DB635B8B2676E356003E8F64 /* Debug */,
				DB635B8C2676E356003E8F64 /* Release */,
			);
			defaultConfigurationIsVisible = 0;
			defaultConfigurationName = Release;
		};
		DB85FFFE2708DCCE00DCC8EE /* Build configuration list for PBXNativeTarget "PintoTests" */ = {
			isa = XCConfigurationList;
			buildConfigurations = (
				DB85FFFC2708DCCE00DCC8EE /* Debug */,
				DB85FFFD2708DCCE00DCC8EE /* Release */,
			);
			defaultConfigurationIsVisible = 0;
			defaultConfigurationName = Release;
		};
/* End XCConfigurationList section */
	};
	rootObject = DB635B732676E353003E8F64 /* Project object */;
}
